
Microsoft Visual Studio Solution File, Format Version 12.00
# Visual Studio Version 16
VisualStudioVersion = 16.0.29613.14
MinimumVisualStudioVersion = 10.0.40219.1
Project("{FAE04EC0-301F-11D3-BF4B-00C04F79EFBC}") = "BookHunter", "BookHunter\BookHunter.csproj", "{14F692AE-59EA-4C50-969B-1561EDB4927D}"
EndProject
Global
	GlobalSection(SolutionConfigurationPlatforms) = preSolution
		Debug|Any CPU = Debug|Any CPU
		Release|Any CPU = Release|Any CPU
	EndGlobalSection
	GlobalSection(ProjectConfigurationPlatforms) = postSolution
		{14F692AE-59EA-4C50-969B-1561EDB4927D}.Debug|Any CPU.ActiveCfg = Debug|Any CPU
		{14F692AE-59EA-4C50-969B-1561EDB4927D}.Debug|Any CPU.Build.0 = Debug|Any CPU
		{14F692AE-59EA-4C50-969B-1561EDB4927D}.Release|Any CPU.ActiveCfg = Release|Any CPU
		{14F692AE-59EA-4C50-969B-1561EDB4927D}.Release|Any CPU.Build.0 = Release|Any CPU
	EndGlobalSection
	GlobalSection(SolutionProperties) = preSolution
		HideSolutionNode = FALSE
	EndGlobalSection
	GlobalSection(ExtensibilityGlobals) = postSolution
		SolutionGuid = {C3429F75-21A8-4846-ADA3-FDD2C4CA49DB}
	EndGlobalSection
EndGlobal
